
Microsoft Visual Studio Solution File, Format Version 12.00
# Visual Studio 15
VisualStudioVersion = 15.0.28307.271
MinimumVisualStudioVersion = 10.0.40219.1
Project("{8BC9CEB8-8B4A-11D0-8D11-00A0C91BC942}") = "asmodean", "src\Asmodean\Asmodean.vcxproj", "{5D227B71-C303-400C-8E99-DF63C79E3613}"
EndProject
Project("{9A19103F-16F7-4668-BE54-9A1E7A4F7556}") = "TriggersTools.CatSystem2", "src\TriggersTools.CatSystem2\TriggersTools.CatSystem2.csproj", "{B2DD81E6-00CB-4BD1-93FF-B9D4E464DBC8}"
EndProject
Project("{9A19103F-16F7-4668-BE54-9A1E7A4F7556}") = "TriggersTools.CatSystem2.Patcher", "src\TriggersTools.CatSystem2.Patcher\TriggersTools.CatSystem2.Patcher.csproj", "{B8EE9405-8DCF-4F59-8E14-486B6EB1B870}"
EndProject
Project("{2150E333-8FDC-42A3-9474-1A3956D46DE8}") = "Libraries", "Libraries", "{4DFB0B89-3FA5-43C7-A85E-E5155BBBF1A8}"
EndProject
Project("{2150E333-8FDC-42A3-9474-1A3956D46DE8}") = "Samples", "Samples", "{DCE55C7E-BE8F-4BB8-A1A1-1FB1F64B0AA1}"
EndProject
Project("{2150E333-8FDC-42A3-9474-1A3956D46DE8}") = "Tools", "Tools", "{C9477D30-8131-44C6-8A2F-ECEA0F18206B}"
EndProject
Project("{9A19103F-16F7-4668-BE54-9A1E7A4F7556}") = "CatCompiler", "tools\CatCompiler\CatCompiler.csproj", "{1AD66403-28CC-4419-A7F1-F816B1437FF3}"
EndProject
Project("{9A19103F-16F7-4668-BE54-9A1E7A4F7556}") = "CatTesting", "samples\CatTesting\CatTesting.csproj", "{B1355A1C-DDE4-4281-BCE2-9D7AE09EAA96}"
EndProject
Project("{2150E333-8FDC-42A3-9474-1A3956D46DE8}") = "Native", "Native", "{628F2722-3462-454B-8604-3D2DA7A656BB}"
EndProject
Project("{9A19103F-16F7-4668-BE54-9A1E7A4F7556}") = "GrisaiaNoContext", "tools\GrisaiaNoContext\GrisaiaNoContext.csproj", "{0203F079-7699-4AE3-9C5F-F5ED7AE66228}"
EndProject
Project("{9A19103F-16F7-4668-BE54-9A1E7A4F7556}") = "CatDecompiler", "tools\CatDecompiler\CatDecompiler.csproj", "{8313297B-6409-49E9-986C-7568E05D50DA}"
EndProject
Project("{D954291E-2A0B-460D-934E-DC6B0785DB48}") = "TriggersTools.CatSystem2.Shared", "src\TriggersTools.CatSystem2.Shared\TriggersTools.CatSystem2.Shared.shproj", "{F30F9A60-01C7-45A9-ADB6-376EE84E21D3}"
EndProject
Project("{9A19103F-16F7-4668-BE54-9A1E7A4F7556}") = "TriggersTools.CatSystem2.Lightweight", "src\TriggersTools.CatSystem2.Lightweight\TriggersTools.CatSystem2.Lightweight.csproj", "{DFA01F98-4B4D-4C07-9D9C-670A353DC488}"
EndProject
Project("{2150E333-8FDC-42A3-9474-1A3956D46DE8}") = "Targets", "Targets", "{2696253D-7A1D-4D95-83F6-8AE55BF9A71F}"
	ProjectSection(SolutionItems) = preProject
		src\CatSystem2.props = src\CatSystem2.props
		src\ILRepack.targets = src\ILRepack.targets
	EndProjectSection
EndProject
Global
	GlobalSection(SharedMSBuildProjectFiles) = preSolution
		src\TriggersTools.CatSystem2.Shared\TriggersTools.CatSystem2.Shared.projitems*{f30f9a60-01c7-45a9-adb6-376ee84e21d3}*SharedItemsImports = 13
	EndGlobalSection
	GlobalSection(SolutionConfigurationPlatforms) = preSolution
		Debug|Any CPU = Debug|Any CPU
		Debug|x64 = Debug|x64
		Debug|x86 = Debug|x86
		Release|Any CPU = Release|Any CPU
		Release|x64 = Release|x64
		Release|x86 = Release|x86
	EndGlobalSection
	GlobalSection(ProjectConfigurationPlatforms) = postSolution
		{5D227B71-C303-400C-8E99-DF63C79E3613}.Debug|Any CPU.ActiveCfg = Release|x64
		{5D227B71-C303-400C-8E99-DF63C79E3613}.Debug|Any CPU.Build.0 = Release|x64
		{5D227B71-C303-400C-8E99-DF63C79E3613}.Debug|x64.ActiveCfg = Release|x64
		{5D227B71-C303-400C-8E99-DF63C79E3613}.Debug|x64.Build.0 = Release|x64
		{5D227B71-C303-400C-8E99-DF63C79E3613}.Debug|x86.ActiveCfg = Release|Win32
		{5D227B71-C303-400C-8E99-DF63C79E3613}.Debug|x86.Build.0 = Release|Win32
		{5D227B71-C303-400C-8E99-DF63C79E3613}.Release|Any CPU.ActiveCfg = Release|Win32
		{5D227B71-C303-400C-8E99-DF63C79E3613}.Release|x64.ActiveCfg = Release|x64
		{5D227B71-C303-400C-8E99-DF63C79E3613}.Release|x64.Build.0 = Release|x64
		{5D227B71-C303-400C-8E99-DF63C79E3613}.Release|x86.ActiveCfg = Release|Win32
		{5D227B71-C303-400C-8E99-DF63C79E3613}.Release|x86.Build.0 = Release|Win32
		{B2DD81E6-00CB-4BD1-93FF-B9D4E464DBC8}.Debug|Any CPU.ActiveCfg = Debug|Any CPU
		{B2DD81E6-00CB-4BD1-93FF-B9D4E464DBC8}.Debug|Any CPU.Build.0 = Debug|Any CPU
		{B2DD81E6-00CB-4BD1-93FF-B9D4E464DBC8}.Debug|x64.ActiveCfg = Debug|Any CPU
		{B2DD81E6-00CB-4BD1-93FF-B9D4E464DBC8}.Debug|x64.Build.0 = Debug|Any CPU
		{B2DD81E6-00CB-4BD1-93FF-B9D4E464DBC8}.Debug|x86.ActiveCfg = Debug|Any CPU
		{B2DD81E6-00CB-4BD1-93FF-B9D4E464DBC8}.Debug|x86.Build.0 = Debug|Any CPU
		{B2DD81E6-00CB-4BD1-93FF-B9D4E464DBC8}.Release|Any CPU.ActiveCfg = Release|Any CPU
		{B2DD81E6-00CB-4BD1-93FF-B9D4E464DBC8}.Release|Any CPU.Build.0 = Release|Any CPU
		{B2DD81E6-00CB-4BD1-93FF-B9D4E464DBC8}.Release|x64.ActiveCfg = Release|Any CPU
		{B2DD81E6-00CB-4BD1-93FF-B9D4E464DBC8}.Release|x64.Build.0 = Release|Any CPU
		{B2DD81E6-00CB-4BD1-93FF-B9D4E464DBC8}.Release|x86.ActiveCfg = Release|Any CPU
		{B2DD81E6-00CB-4BD1-93FF-B9D4E464DBC8}.Release|x86.Build.0 = Release|Any CPU
		{B8EE9405-8DCF-4F59-8E14-486B6EB1B870}.Debug|Any CPU.ActiveCfg = Debug|Any CPU
		{B8EE9405-8DCF-4F59-8E14-486B6EB1B870}.Debug|Any CPU.Build.0 = Debug|Any CPU
		{B8EE9405-8DCF-4F59-8E14-486B6EB1B870}.Debug|x64.ActiveCfg = Debug|Any CPU
		{B8EE9405-8DCF-4F59-8E14-486B6EB1B870}.Debug|x64.Build.0 = Debug|Any CPU
		{B8EE9405-8DCF-4F59-8E14-486B6EB1B870}.Debug|x86.ActiveCfg = Debug|Any CPU
		{B8EE9405-8DCF-4F59-8E14-486B6EB1B870}.Debug|x86.Build.0 = Debug|Any CPU
		{B8EE9405-8DCF-4F59-8E14-486B6EB1B870}.Release|Any CPU.ActiveCfg = Release|Any CPU
		{B8EE9405-8DCF-4F59-8E14-486B6EB1B870}.Release|Any CPU.Build.0 = Release|Any CPU
		{B8EE9405-8DCF-4F59-8E14-486B6EB1B870}.Release|x64.ActiveCfg = Release|Any CPU
		{B8EE9405-8DCF-4F59-8E14-486B6EB1B870}.Release|x64.Build.0 = Release|Any CPU
		{B8EE9405-8DCF-4F59-8E14-486B6EB1B870}.Release|x86.ActiveCfg = Release|Any CPU
		{B8EE9405-8DCF-4F59-8E14-486B6EB1B870}.Release|x86.Build.0 = Release|Any CPU
		{1AD66403-28CC-4419-A7F1-F816B1437FF3}.Debug|Any CPU.ActiveCfg = Debug|Any CPU
		{1AD66403-28CC-4419-A7F1-F816B1437FF3}.Debug|Any CPU.Build.0 = Debug|Any CPU
		{1AD66403-28CC-4419-A7F1-F816B1437FF3}.Debug|x64.ActiveCfg = Debug|Any CPU
		{1AD66403-28CC-4419-A7F1-F816B1437FF3}.Debug|x64.Build.0 = Debug|Any CPU
		{1AD66403-28CC-4419-A7F1-F816B1437FF3}.Debug|x86.ActiveCfg = Debug|Any CPU
		{1AD66403-28CC-4419-A7F1-F816B1437FF3}.Debug|x86.Build.0 = Debug|Any CPU
		{1AD66403-28CC-4419-A7F1-F816B1437FF3}.Release|Any CPU.ActiveCfg = Release|Any CPU
		{1AD66403-28CC-4419-A7F1-F816B1437FF3}.Release|Any CPU.Build.0 = Release|Any CPU
		{1AD66403-28CC-4419-A7F1-F816B1437FF3}.Release|x64.ActiveCfg = Release|Any CPU
		{1AD66403-28CC-4419-A7F1-F816B1437FF3}.Release|x64.Build.0 = Release|Any CPU
		{1AD66403-28CC-4419-A7F1-F816B1437FF3}.Release|x86.ActiveCfg = Release|Any CPU
		{1AD66403-28CC-4419-A7F1-F816B1437FF3}.Release|x86.Build.0 = Release|Any CPU
		{B1355A1C-DDE4-4281-BCE2-9D7AE09EAA96}.Debug|Any CPU.ActiveCfg = Debug|Any CPU
		{B1355A1C-DDE4-4281-BCE2-9D7AE09EAA96}.Debug|Any CPU.Build.0 = Debug|Any CPU
		{B1355A1C-DDE4-4281-BCE2-9D7AE09EAA96}.Debug|x64.ActiveCfg = Debug|Any CPU
		{B1355A1C-DDE4-4281-BCE2-9D7AE09EAA96}.Debug|x64.Build.0 = Debug|Any CPU
		{B1355A1C-DDE4-4281-BCE2-9D7AE09EAA96}.Debug|x86.ActiveCfg = Debug|Any CPU
		{B1355A1C-DDE4-4281-BCE2-9D7AE09EAA96}.Debug|x86.Build.0 = Debug|Any CPU
		{B1355A1C-DDE4-4281-BCE2-9D7AE09EAA96}.Release|Any CPU.ActiveCfg = Release|Any CPU
		{B1355A1C-DDE4-4281-BCE2-9D7AE09EAA96}.Release|Any CPU.Build.0 = Release|Any CPU
		{B1355A1C-DDE4-4281-BCE2-9D7AE09EAA96}.Release|x64.ActiveCfg = Release|Any CPU
		{B1355A1C-DDE4-4281-BCE2-9D7AE09EAA96}.Release|x64.Build.0 = Release|Any CPU
		{B1355A1C-DDE4-4281-BCE2-9D7AE09EAA96}.Release|x86.ActiveCfg = Release|Any CPU
		{B1355A1C-DDE4-4281-BCE2-9D7AE09EAA96}.Release|x86.Build.0 = Release|Any CPU
		{0203F079-7699-4AE3-9C5F-F5ED7AE66228}.Debug|Any CPU.ActiveCfg = Debug|Any CPU
		{0203F079-7699-4AE3-9C5F-F5ED7AE66228}.Debug|Any CPU.Build.0 = Debug|Any CPU
		{0203F079-7699-4AE3-9C5F-F5ED7AE66228}.Debug|x64.ActiveCfg = Debug|Any CPU
		{0203F079-7699-4AE3-9C5F-F5ED7AE66228}.Debug|x64.Build.0 = Debug|Any CPU
		{0203F079-7699-4AE3-9C5F-F5ED7AE66228}.Debug|x86.ActiveCfg = Debug|Any CPU
		{0203F079-7699-4AE3-9C5F-F5ED7AE66228}.Debug|x86.Build.0 = Debug|Any CPU
		{0203F079-7699-4AE3-9C5F-F5ED7AE66228}.Release|Any CPU.ActiveCfg = Debug|Any CPU
		{0203F079-7699-4AE3-9C5F-F5ED7AE66228}.Release|Any CPU.Build.0 = Debug|Any CPU
		{0203F079-7699-4AE3-9C5F-F5ED7AE66228}.Release|x64.ActiveCfg = Release|Any CPU
		{0203F079-7699-4AE3-9C5F-F5ED7AE66228}.Release|x64.Build.0 = Release|Any CPU
		{0203F079-7699-4AE3-9C5F-F5ED7AE66228}.Release|x86.ActiveCfg = Release|Any CPU
		{0203F079-7699-4AE3-9C5F-F5ED7AE66228}.Release|x86.Build.0 = Release|Any CPU
		{8313297B-6409-49E9-986C-7568E05D50DA}.Debug|Any CPU.ActiveCfg = Debug|Any CPU
		{8313297B-6409-49E9-986C-7568E05D50DA}.Debug|Any CPU.Build.0 = Debug|Any CPU
		{8313297B-6409-49E9-986C-7568E05D50DA}.Debug|x64.ActiveCfg = Debug|Any CPU
		{8313297B-6409-49E9-986C-7568E05D50DA}.Debug|x64.Build.0 = Debug|Any CPU
		{8313297B-6409-49E9-986C-7568E05D50DA}.Debug|x86.ActiveCfg = Debug|Any CPU
		{8313297B-6409-49E9-986C-7568E05D50DA}.Debug|x86.Build.0 = Debug|Any CPU
		{8313297B-6409-49E9-986C-7568E05D50DA}.Release|Any CPU.ActiveCfg = Release|Any CPU
		{8313297B-6409-49E9-986C-7568E05D50DA}.Release|Any CPU.Build.0 = Release|Any CPU
		{8313297B-6409-49E9-986C-7568E05D50DA}.Release|x64.ActiveCfg = Release|Any CPU
		{8313297B-6409-49E9-986C-7568E05D50DA}.Release|x64.Build.0 = Release|Any CPU
		{8313297B-6409-49E9-986C-7568E05D50DA}.Release|x86.ActiveCfg = Release|Any CPU
		{8313297B-6409-49E9-986C-7568E05D50DA}.Release|x86.Build.0 = Release|Any CPU
		{DFA01F98-4B4D-4C07-9D9C-670A353DC488}.Debug|Any CPU.ActiveCfg = Debug|Any CPU
		{DFA01F98-4B4D-4C07-9D9C-670A353DC488}.Debug|Any CPU.Build.0 = Debug|Any CPU
		{DFA01F98-4B4D-4C07-9D9C-670A353DC488}.Debug|x64.ActiveCfg = Debug|Any CPU
		{DFA01F98-4B4D-4C07-9D9C-670A353DC488}.Debug|x64.Build.0 = Debug|Any CPU
		{DFA01F98-4B4D-4C07-9D9C-670A353DC488}.Debug|x86.ActiveCfg = Debug|Any CPU
		{DFA01F98-4B4D-4C07-9D9C-670A353DC488}.Debug|x86.Build.0 = Debug|Any CPU
		{DFA01F98-4B4D-4C07-9D9C-670A353DC488}.Release|Any CPU.ActiveCfg = Release|Any CPU
		{DFA01F98-4B4D-4C07-9D9C-670A353DC488}.Release|Any CPU.Build.0 = Release|Any CPU
		{DFA01F98-4B4D-4C07-9D9C-670A353DC488}.Release|x64.ActiveCfg = Release|Any CPU
		{DFA01F98-4B4D-4C07-9D9C-670A353DC488}.Release|x64.Build.0 = Release|Any CPU
		{DFA01F98-4B4D-4C07-9D9C-670A353DC488}.Release|x86.ActiveCfg = Release|Any CPU
		{DFA01F98-4B4D-4C07-9D9C-670A353DC488}.Release|x86.Build.0 = Release|Any CPU
	EndGlobalSection
	GlobalSection(SolutionProperties) = preSolution
		HideSolutionNode = FALSE
	EndGlobalSection
	GlobalSection(NestedProjects) = preSolution
		{5D227B71-C303-400C-8E99-DF63C79E3613} = {628F2722-3462-454B-8604-3D2DA7A656BB}
		{B2DD81E6-00CB-4BD1-93FF-B9D4E464DBC8} = {4DFB0B89-3FA5-43C7-A85E-E5155BBBF1A8}
		{B8EE9405-8DCF-4F59-8E14-486B6EB1B870} = {4DFB0B89-3FA5-43C7-A85E-E5155BBBF1A8}
		{1AD66403-28CC-4419-A7F1-F816B1437FF3} = {C9477D30-8131-44C6-8A2F-ECEA0F18206B}
		{B1355A1C-DDE4-4281-BCE2-9D7AE09EAA96} = {DCE55C7E-BE8F-4BB8-A1A1-1FB1F64B0AA1}
		{628F2722-3462-454B-8604-3D2DA7A656BB} = {4DFB0B89-3FA5-43C7-A85E-E5155BBBF1A8}
		{0203F079-7699-4AE3-9C5F-F5ED7AE66228} = {C9477D30-8131-44C6-8A2F-ECEA0F18206B}
		{8313297B-6409-49E9-986C-7568E05D50DA} = {C9477D30-8131-44C6-8A2F-ECEA0F18206B}
		{F30F9A60-01C7-45A9-ADB6-376EE84E21D3} = {4DFB0B89-3FA5-43C7-A85E-E5155BBBF1A8}
		{DFA01F98-4B4D-4C07-9D9C-670A353DC488} = {4DFB0B89-3FA5-43C7-A85E-E5155BBBF1A8}
		{2696253D-7A1D-4D95-83F6-8AE55BF9A71F} = {4DFB0B89-3FA5-43C7-A85E-E5155BBBF1A8}
	EndGlobalSection
	GlobalSection(ExtensibilityGlobals) = postSolution
		SolutionGuid = {D0E861E3-7E91-4D96-83FB-C5C8C891D553}
	EndGlobalSection
EndGlobal
